
Microsoft Visual Studio Solution File, Format Version 12.00
# Visual Studio Version 17
VisualStudioVersion = 17.3.32929.385
MinimumVisualStudioVersion = 10.0.40219.1
Project("{FAE04EC0-301F-11D3-BF4B-00C04F79EFBC}") = "TaskFormApp", "TaskFormApp\TaskFormApp.csproj", "{46A259DC-0B5E-4D7E-B134-02FF0457BBD2}"
EndProject
Project("{9A19103F-16F7-4668-BE54-9A1E7A4F7556}") = "TaskWebApp.Api", "TaskWebApp.Api\TaskWebApp.Api.csproj", "{C8B30DAE-A5E7-4AE2-A4A2-24D68D88C4E2}"
EndProject
Project("{9A19103F-16F7-4668-BE54-9A1E7A4F7556}") = "TaskConsoleApp", "TaskConsoleApp\TaskConsoleApp.csproj", "{699CEA9D-6C6F-4163-B62D-F0E3BBDBBEA2}"
EndProject
Project("{FAE04EC0-301F-11D3-BF4B-00C04F79EFBC}") = "TaskThreadApp", "TaskThreadApp\TaskThreadApp.csproj", "{A50C6F83-4C97-4D38-900F-9B2205888680}"
EndProject
Project("{9A19103F-16F7-4668-BE54-9A1E7A4F7556}") = "TaskAppWithoutTopLevelStatements", "TaskAppWithoutTopLevelStatements\TaskAppWithoutTopLevelStatements.csproj", "{EB630749-41B1-4FE4-A101-7D3152C4832E}"
EndProject
Project("{FAE04EC0-301F-11D3-BF4B-00C04F79EFBC}") = "TaskCancellationFormApp", "TaskCancellationFormApp\TaskCancellationFormApp.csproj", "{27E09B07-F41A-4877-A49C-D2067FCE8899}"
EndProject
Project("{9A19103F-16F7-4668-BE54-9A1E7A4F7556}") = "TaskResult", "TaskResult\TaskResult.csproj", "{2A257749-DEB1-4542-BF71-A6BFA7C88268}"
EndProject
Project("{9A19103F-16F7-4668-BE54-9A1E7A4F7556}") = "TaskFlow", "TaskFlow\TaskFlow.csproj", "{4E1F8224-1A62-4774-9E79-BF57932F1B00}"
EndProject
Project("{9A19103F-16F7-4668-BE54-9A1E7A4F7556}") = "ForEachParallelApp", "ForEachParallelApp\ForEachParallelApp.csproj", "{504990C7-93B2-4416-8C4C-95C7CC8F69AE}"
EndProject
Project("{FAE04EC0-301F-11D3-BF4B-00C04F79EFBC}") = "ParallelForForEachCancellationTokenApp", "ParallelForForEachCancellationTokenApp\ParallelForForEachCancellationTokenApp.csproj", "{17DA82BD-5B95-4A1B-AF49-40B554B52199}"
EndProject
Global
	GlobalSection(SolutionConfigurationPlatforms) = preSolution
		Debug|Any CPU = Debug|Any CPU
		Release|Any CPU = Release|Any CPU
	EndGlobalSection
	GlobalSection(ProjectConfigurationPlatforms) = postSolution
		{46A259DC-0B5E-4D7E-B134-02FF0457BBD2}.Debug|Any CPU.ActiveCfg = Debug|Any CPU
		{46A259DC-0B5E-4D7E-B134-02FF0457BBD2}.Debug|Any CPU.Build.0 = Debug|Any CPU
		{46A259DC-0B5E-4D7E-B134-02FF0457BBD2}.Release|Any CPU.ActiveCfg = Release|Any CPU
		{46A259DC-0B5E-4D7E-B134-02FF0457BBD2}.Release|Any CPU.Build.0 = Release|Any CPU
		{C8B30DAE-A5E7-4AE2-A4A2-24D68D88C4E2}.Debug|Any CPU.ActiveCfg = Debug|Any CPU
		{C8B30DAE-A5E7-4AE2-A4A2-24D68D88C4E2}.Debug|Any CPU.Build.0 = Debug|Any CPU
		{C8B30DAE-A5E7-4AE2-A4A2-24D68D88C4E2}.Release|Any CPU.ActiveCfg = Release|Any CPU
		{C8B30DAE-A5E7-4AE2-A4A2-24D68D88C4E2}.Release|Any CPU.Build.0 = Release|Any CPU
		{699CEA9D-6C6F-4163-B62D-F0E3BBDBBEA2}.Debug|Any CPU.ActiveCfg = Debug|Any CPU
		{699CEA9D-6C6F-4163-B62D-F0E3BBDBBEA2}.Debug|Any CPU.Build.0 = Debug|Any CPU
		{699CEA9D-6C6F-4163-B62D-F0E3BBDBBEA2}.Release|Any CPU.ActiveCfg = Release|Any CPU
		{699CEA9D-6C6F-4163-B62D-F0E3BBDBBEA2}.Release|Any CPU.Build.0 = Release|Any CPU
		{A50C6F83-4C97-4D38-900F-9B2205888680}.Debug|Any CPU.ActiveCfg = Debug|Any CPU
		{A50C6F83-4C97-4D38-900F-9B2205888680}.Debug|Any CPU.Build.0 = Debug|Any CPU
		{A50C6F83-4C97-4D38-900F-9B2205888680}.Release|Any CPU.ActiveCfg = Release|Any CPU
		{A50C6F83-4C97-4D38-900F-9B2205888680}.Release|Any CPU.Build.0 = Release|Any CPU
		{EB630749-41B1-4FE4-A101-7D3152C4832E}.Debug|Any CPU.ActiveCfg = Debug|Any CPU
		{EB630749-41B1-4FE4-A101-7D3152C4832E}.Debug|Any CPU.Build.0 = Debug|Any CPU
		{EB630749-41B1-4FE4-A101-7D3152C4832E}.Release|Any CPU.ActiveCfg = Release|Any CPU
		{EB630749-41B1-4FE4-A101-7D3152C4832E}.Release|Any CPU.Build.0 = Release|Any CPU
		{27E09B07-F41A-4877-A49C-D2067FCE8899}.Debug|Any CPU.ActiveCfg = Debug|Any CPU
		{27E09B07-F41A-4877-A49C-D2067FCE8899}.Debug|Any CPU.Build.0 = Debug|Any CPU
		{27E09B07-F41A-4877-A49C-D2067FCE8899}.Release|Any CPU.ActiveCfg = Release|Any CPU
		{27E09B07-F41A-4877-A49C-D2067FCE8899}.Release|Any CPU.Build.0 = Release|Any CPU
		{2A257749-DEB1-4542-BF71-A6BFA7C88268}.Debug|Any CPU.ActiveCfg = Debug|Any CPU
		{2A257749-DEB1-4542-BF71-A6BFA7C88268}.Debug|Any CPU.Build.0 = Debug|Any CPU
		{2A257749-DEB1-4542-BF71-A6BFA7C88268}.Release|Any CPU.ActiveCfg = Release|Any CPU
		{2A257749-DEB1-4542-BF71-A6BFA7C88268}.Release|Any CPU.Build.0 = Release|Any CPU
		{4E1F8224-1A62-4774-9E79-BF57932F1B00}.Debug|Any CPU.ActiveCfg = Debug|Any CPU
		{4E1F8224-1A62-4774-9E79-BF57932F1B00}.Debug|Any CPU.Build.0 = Debug|Any CPU
		{4E1F8224-1A62-4774-9E79-BF57932F1B00}.Release|Any CPU.ActiveCfg = Release|Any CPU
		{4E1F8224-1A62-4774-9E79-BF57932F1B00}.Release|Any CPU.Build.0 = Release|Any CPU
		{504990C7-93B2-4416-8C4C-95C7CC8F69AE}.Debug|Any CPU.ActiveCfg = Debug|Any CPU
		{504990C7-93B2-4416-8C4C-95C7CC8F69AE}.Debug|Any CPU.Build.0 = Debug|Any CPU
		{504990C7-93B2-4416-8C4C-95C7CC8F69AE}.Release|Any CPU.ActiveCfg = Release|Any CPU
		{504990C7-93B2-4416-8C4C-95C7CC8F69AE}.Release|Any CPU.Build.0 = Release|Any CPU
		{17DA82BD-5B95-4A1B-AF49-40B554B52199}.Debug|Any CPU.ActiveCfg = Debug|Any CPU
		{17DA82BD-5B95-4A1B-AF49-40B554B52199}.Debug|Any CPU.Build.0 = Debug|Any CPU
		{17DA82BD-5B95-4A1B-AF49-40B554B52199}.Release|Any CPU.ActiveCfg = Release|Any CPU
		{17DA82BD-5B95-4A1B-AF49-40B554B52199}.Release|Any CPU.Build.0 = Release|Any CPU
	EndGlobalSection
	GlobalSection(SolutionProperties) = preSolution
		HideSolutionNode = FALSE
	EndGlobalSection
	GlobalSection(ExtensibilityGlobals) = postSolution
		SolutionGuid = {394D4433-4DD2-4837-AD14-251F3FBE4144}
	EndGlobalSection
EndGlobal
