
Microsoft Visual Studio Solution File, Format Version 12.00
# Visual Studio Version 17
VisualStudioVersion = 17.3.32929.385
MinimumVisualStudioVersion = 10.0.40219.1
Project("{FAE04EC0-301F-11D3-BF4B-00C04F79EFBC}") = "TaskFormApp", "TaskFormApp\TaskFormApp.csproj", "{46A259DC-0B5E-4D7E-B134-02FF0457BBD2}"
EndProject
Project("{FAE04EC0-301F-11D3-BF4B-00C04F79EFBC}") = "TaskWebApp.Api", "TaskWebApp.Api\TaskWebApp.Api.csproj", "{C8B30DAE-A5E7-4AE2-A4A2-24D68D88C4E2}"
EndProject
Project("{FAE04EC0-301F-11D3-BF4B-00C04F79EFBC}") = "TaskConsoleApp", "TaskConsoleApp\TaskConsoleApp.csproj", "{699CEA9D-6C6F-4163-B62D-F0E3BBDBBEA2}"
EndProject
Global
	GlobalSection(SolutionConfigurationPlatforms) = preSolution
		Debug|Any CPU = Debug|Any CPU
		Release|Any CPU = Release|Any CPU
	EndGlobalSection
	GlobalSection(ProjectConfigurationPlatforms) = postSolution
		{46A259DC-0B5E-4D7E-B134-02FF0457BBD2}.Debug|Any CPU.ActiveCfg = Debug|Any CPU
		{46A259DC-0B5E-4D7E-B134-02FF0457BBD2}.Debug|Any CPU.Build.0 = Debug|Any CPU
		{46A259DC-0B5E-4D7E-B134-02FF0457BBD2}.Release|Any CPU.ActiveCfg = Release|Any CPU
		{46A259DC-0B5E-4D7E-B134-02FF0457BBD2}.Release|Any CPU.Build.0 = Release|Any CPU
		{C8B30DAE-A5E7-4AE2-A4A2-24D68D88C4E2}.Debug|Any CPU.ActiveCfg = Debug|Any CPU
		{C8B30DAE-A5E7-4AE2-A4A2-24D68D88C4E2}.Debug|Any CPU.Build.0 = Debug|Any CPU
		{C8B30DAE-A5E7-4AE2-A4A2-24D68D88C4E2}.Release|Any CPU.ActiveCfg = Release|Any CPU
		{C8B30DAE-A5E7-4AE2-A4A2-24D68D88C4E2}.Release|Any CPU.Build.0 = Release|Any CPU
		{699CEA9D-6C6F-4163-B62D-F0E3BBDBBEA2}.Debug|Any CPU.ActiveCfg = Debug|Any CPU
		{699CEA9D-6C6F-4163-B62D-F0E3BBDBBEA2}.Debug|Any CPU.Build.0 = Debug|Any CPU
		{699CEA9D-6C6F-4163-B62D-F0E3BBDBBEA2}.Release|Any CPU.ActiveCfg = Release|Any CPU
		{699CEA9D-6C6F-4163-B62D-F0E3BBDBBEA2}.Release|Any CPU.Build.0 = Release|Any CPU
	EndGlobalSection
	GlobalSection(SolutionProperties) = preSolution
		HideSolutionNode = FALSE
	EndGlobalSection
	GlobalSection(ExtensibilityGlobals) = postSolution
		SolutionGuid = {394D4433-4DD2-4837-AD14-251F3FBE4144}
	EndGlobalSection
EndGlobal
